
Microsoft Visual Studio Solution File, Format Version 12.00
# Visual Studio 15
VisualStudioVersion = 15.0.27703.2018
MinimumVisualStudioVersion = 10.0.40219.1
Project("{888888A0-9F3D-457C-B088-3A5042F75D52}") = "TensorFlowLearning", "TensorFlowLearning\TensorFlowLearning.pyproj", "{FC89FE25-ACC4-4E55-B970-75FF4EB8F8C9}"
EndProject
Global
	GlobalSection(SolutionConfigurationPlatforms) = preSolution
		Debug|Any CPU = Debug|Any CPU
		Release|Any CPU = Release|Any CPU
	EndGlobalSection
	GlobalSection(ProjectConfigurationPlatforms) = postSolution
		{FC89FE25-ACC4-4E55-B970-75FF4EB8F8C9}.Debug|Any CPU.ActiveCfg = Debug|Any CPU
		{FC89FE25-ACC4-4E55-B970-75FF4EB8F8C9}.Release|Any CPU.ActiveCfg = Release|Any CPU
	EndGlobalSection
	GlobalSection(SolutionProperties) = preSolution
		HideSolutionNode = FALSE
	EndGlobalSection
	GlobalSection(ExtensibilityGlobals) = postSolution
		SolutionGuid = {1CB8AF6D-33A9-4364-9011-58CB009FE6DA}
	EndGlobalSection
EndGlobal
